// !$*UTF8*$!
{
	archiveVersion = 1;
	classes = {
	};
	objectVersion = 50;
	objects = {

/* Begin PBXBuildFile section */
		63152338BC61978FEB31D08A /* Pods_Food2ForkTests.framework in Frameworks */ = {isa = PBXBuildFile; fileRef = CE66871008A9F8B1E439B4A2 /* Pods_Food2ForkTests.framework */; };
		65A67D4194C7ABF9228C9F67 /* Pods_Food2Fork.framework in Frameworks */ = {isa = PBXBuildFile; fileRef = 2E0BDC6DD1A27E88542B4DEF /* Pods_Food2Fork.framework */; };
		CF5FAC28214291C800654E90 /* SearchSort.swift in Sources */ = {isa = PBXBuildFile; fileRef = CF5FAC27214291C800654E90 /* SearchSort.swift */; };
		CF5FAC2A2142C3EA00654E90 /* UIButton+Background.swift in Sources */ = {isa = PBXBuildFile; fileRef = CF5FAC292142C3EA00654E90 /* UIButton+Background.swift */; };
		CFA1FF3B213ED49A001394DB /* DependencyContainer.swift in Sources */ = {isa = PBXBuildFile; fileRef = CFA1FF3A213ED49A001394DB /* DependencyContainer.swift */; };
		CFA1FF3D213ED4E7001394DB /* ControllerFactory.swift in Sources */ = {isa = PBXBuildFile; fileRef = CFA1FF3C213ED4E7001394DB /* ControllerFactory.swift */; };
		CFA1FF43213ED638001394DB /* RecipeViewController.swift in Sources */ = {isa = PBXBuildFile; fileRef = CFA1FF42213ED638001394DB /* RecipeViewController.swift */; };
		CFA1FF45213ED674001394DB /* FavoritesFlowController.swift in Sources */ = {isa = PBXBuildFile; fileRef = CFA1FF44213ED674001394DB /* FavoritesFlowController.swift */; };
		CFA1FF47213ED689001394DB /* SearchFlowController.swift in Sources */ = {isa = PBXBuildFile; fileRef = CFA1FF46213ED689001394DB /* SearchFlowController.swift */; };
		CFA1FF49213ED699001394DB /* ExploreFlowController.swift in Sources */ = {isa = PBXBuildFile; fileRef = CFA1FF48213ED699001394DB /* ExploreFlowController.swift */; };
		CFA1FF4C213ED7A4001394DB /* AppFlowController.swift in Sources */ = {isa = PBXBuildFile; fileRef = CFA1FF4B213ED7A4001394DB /* AppFlowController.swift */; };
		CFA1FF4F213ED7E1001394DB /* MainTabBarController.swift in Sources */ = {isa = PBXBuildFile; fileRef = CFA1FF4E213ED7E1001394DB /* MainTabBarController.swift */; };
		CFA3DF8F213FF0EC00A39C71 /* R.generated.swift in Sources */ = {isa = PBXBuildFile; fileRef = CFA3DF8E213FF0EC00A39C71 /* R.generated.swift */; };
		CFA3DF92213FF1D800A39C71 /* Localizable.strings in Resources */ = {isa = PBXBuildFile; fileRef = CFA3DF94213FF1D800A39C71 /* Localizable.strings */; };
		CFA3DF98213FF39200A39C71 /* UIViewController+Child.swift in Sources */ = {isa = PBXBuildFile; fileRef = CFA3DF97213FF39200A39C71 /* UIViewController+Child.swift */; };
		CFA3DF9E213FF56200A39C71 /* Fonts.swift in Sources */ = {isa = PBXBuildFile; fileRef = CFA3DF9D213FF56200A39C71 /* Fonts.swift */; };
		CFA3DFA0213FF75700A39C71 /* Colors.xcassets in Resources */ = {isa = PBXBuildFile; fileRef = CFA3DF9F213FF75700A39C71 /* Colors.xcassets */; };
		CFA3DFA32140063600A39C71 /* ExploreViewController.swift in Sources */ = {isa = PBXBuildFile; fileRef = CFA3DFA22140063600A39C71 /* ExploreViewController.swift */; };
		CFA3DFA721400A6500A39C71 /* FavoritesViewController.swift in Sources */ = {isa = PBXBuildFile; fileRef = CFA3DFA621400A6500A39C71 /* FavoritesViewController.swift */; };
		CFA3DFAD214016D200A39C71 /* Endpoint.swift in Sources */ = {isa = PBXBuildFile; fileRef = CFA3DFAC214016D200A39C71 /* Endpoint.swift */; };
		CFA3DFAF214017A900A39C71 /* APIConfig.swift in Sources */ = {isa = PBXBuildFile; fileRef = CFA3DFAE214017A900A39C71 /* APIConfig.swift */; };
		CFBBB4DA21468495008F3943 /* AppFlowControllerTests.swift in Sources */ = {isa = PBXBuildFile; fileRef = CFBBB4D921468495008F3943 /* AppFlowControllerTests.swift */; };
		CFBBB4DC2146865F008F3943 /* DependencyContainerTests.swift in Sources */ = {isa = PBXBuildFile; fileRef = CFBBB4DB2146865F008F3943 /* DependencyContainerTests.swift */; };
		CFBBB4DF21468AEA008F3943 /* NSLayoutConstraintsExtensionsTests.swift in Sources */ = {isa = PBXBuildFile; fileRef = CFBBB4DE21468AEA008F3943 /* NSLayoutConstraintsExtensionsTests.swift */; };
		CFBBB4E121468C5E008F3943 /* UIButtonBackgroundTests.swift in Sources */ = {isa = PBXBuildFile; fileRef = CFBBB4E021468C5E008F3943 /* UIButtonBackgroundTests.swift */; };
		CFBBB4E321468D9B008F3943 /* UIViewExtensionsTests.swift in Sources */ = {isa = PBXBuildFile; fileRef = CFBBB4E221468D9B008F3943 /* UIViewExtensionsTests.swift */; };
		CFBBB4E521468F5D008F3943 /* UIViewControllerChildTests.swift in Sources */ = {isa = PBXBuildFile; fileRef = CFBBB4E421468F5D008F3943 /* UIViewControllerChildTests.swift */; };
		CFE067D1213D6F23000E95FC /* AppDelegate.swift in Sources */ = {isa = PBXBuildFile; fileRef = CFE067D0213D6F23000E95FC /* AppDelegate.swift */; };
		CFE067D9213D6F23000E95FC /* Food2Fork.xcdatamodeld in Sources */ = {isa = PBXBuildFile; fileRef = CFE067D7213D6F23000E95FC /* Food2Fork.xcdatamodeld */; };
		CFE067DB213D6F24000E95FC /* Images.xcassets in Resources */ = {isa = PBXBuildFile; fileRef = CFE067DA213D6F24000E95FC /* Images.xcassets */; };
		CFE067DE213D6F24000E95FC /* LaunchScreen.storyboard in Resources */ = {isa = PBXBuildFile; fileRef = CFE067DC213D6F24000E95FC /* LaunchScreen.storyboard */; };
		CFE067E9213D6F25000E95FC /* Food2ForkTests.swift in Sources */ = {isa = PBXBuildFile; fileRef = CFE067E8213D6F25000E95FC /* Food2ForkTests.swift */; };
		CFE067F4213D6F25000E95FC /* Food2ForkUITests.swift in Sources */ = {isa = PBXBuildFile; fileRef = CFE067F3213D6F25000E95FC /* Food2ForkUITests.swift */; };
		DA25B0E32141C77200933167 /* InfoViewController.swift in Sources */ = {isa = PBXBuildFile; fileRef = DA25B0E22141C77200933167 /* InfoViewController.swift */; };
		DA25B0E92141DAC000933167 /* SearchLogicController.swift in Sources */ = {isa = PBXBuildFile; fileRef = DA25B0E82141DAC000933167 /* SearchLogicController.swift */; };
		DA25B0EE2141DF3300933167 /* SearchViewController.swift in Sources */ = {isa = PBXBuildFile; fileRef = DA25B0ED2141DF3300933167 /* SearchViewController.swift */; };
		DA25B0F12143EFB900933167 /* FavoritesLogicController.swift in Sources */ = {isa = PBXBuildFile; fileRef = DA25B0F02143EFB900933167 /* FavoritesLogicController.swift */; };
		DA25B0F52143F04D00933167 /* ViewState.swift in Sources */ = {isa = PBXBuildFile; fileRef = DA25B0F42143F04D00933167 /* ViewState.swift */; };
		DA25B0F92145375D00933167 /* ManagedObjectConvertible.swift in Sources */ = {isa = PBXBuildFile; fileRef = DA25B0F82145375D00933167 /* ManagedObjectConvertible.swift */; };
		DA25B0FB214537F900933167 /* Recipe+ManagedObjectConvertible.swift in Sources */ = {isa = PBXBuildFile; fileRef = DA25B0FA214537F900933167 /* Recipe+ManagedObjectConvertible.swift */; };
		DA25B1012145476B00933167 /* ModelController.swift in Sources */ = {isa = PBXBuildFile; fileRef = DA25B1002145476B00933167 /* ModelController.swift */; };
		DA25B105214554EF00933167 /* RecipeEntity+CoreDataClass.swift in Sources */ = {isa = PBXBuildFile; fileRef = DA25B103214554EF00933167 /* RecipeEntity+CoreDataClass.swift */; };
		DA25B106214554EF00933167 /* RecipeEntity+CoreDataProperties.swift in Sources */ = {isa = PBXBuildFile; fileRef = DA25B104214554EF00933167 /* RecipeEntity+CoreDataProperties.swift */; };
		DA25B10D214557CB00933167 /* RecipeManagedObjectConvertibleTests.swift in Sources */ = {isa = PBXBuildFile; fileRef = DA25B10C214557CB00933167 /* RecipeManagedObjectConvertibleTests.swift */; };
		DA25B11021455F6800933167 /* RecipeHeaderView.swift in Sources */ = {isa = PBXBuildFile; fileRef = DA25B10F21455F6800933167 /* RecipeHeaderView.swift */; };
		DA25B1122145618C00933167 /* RecipeIngredientsView.swift in Sources */ = {isa = PBXBuildFile; fileRef = DA25B1112145618C00933167 /* RecipeIngredientsView.swift */; };
		DA25B11421456BF000933167 /* RecipeLogicController.swift in Sources */ = {isa = PBXBuildFile; fileRef = DA25B11321456BF000933167 /* RecipeLogicController.swift */; };
		DA25B1162145704C00933167 /* Dimensions.swift in Sources */ = {isa = PBXBuildFile; fileRef = DA25B1152145704C00933167 /* Dimensions.swift */; };
		DA25B11E21458AE400933167 /* AppearanceConfigurator.swift in Sources */ = {isa = PBXBuildFile; fileRef = DA25B11D21458AE400933167 /* AppearanceConfigurator.swift */; };
		DA25B12021458AFD00933167 /* BootstrapConfiguring.swift in Sources */ = {isa = PBXBuildFile; fileRef = DA25B11F21458AFD00933167 /* BootstrapConfiguring.swift */; };
		DA25B1222145B08400933167 /* RoundedLabel.swift in Sources */ = {isa = PBXBuildFile; fileRef = DA25B1212145B08400933167 /* RoundedLabel.swift */; };
		DA25B1272145C19200933167 /* FavoriteTableViewCell.swift in Sources */ = {isa = PBXBuildFile; fileRef = DA25B1262145C19200933167 /* FavoriteTableViewCell.swift */; };
		DA25B1292145CD8C00933167 /* LaunchTransitionManager.swift in Sources */ = {isa = PBXBuildFile; fileRef = DA25B1282145CD8C00933167 /* LaunchTransitionManager.swift */; };
		DA25B12B2145D4AC00933167 /* XCUIApplication+Food2Fork.swift in Sources */ = {isa = PBXBuildFile; fileRef = DA25B12A2145D4AC00933167 /* XCUIApplication+Food2Fork.swift */; };
		DA25B12D2145D4FB00933167 /* Utilities.swift in Sources */ = {isa = PBXBuildFile; fileRef = DA25B12C2145D4FB00933167 /* Utilities.swift */; };
		DA46518521405229005B3353 /* SearchNetworkResponse.swift in Sources */ = {isa = PBXBuildFile; fileRef = DA46518421405229005B3353 /* SearchNetworkResponse.swift */; };
		DA46518721405441005B3353 /* Recipe.swift in Sources */ = {isa = PBXBuildFile; fileRef = DA46518621405441005B3353 /* Recipe.swift */; };
		DA46518A21405DC8005B3353 /* RecipeNetworkResponse.swift in Sources */ = {isa = PBXBuildFile; fileRef = DA46518921405DC8005B3353 /* RecipeNetworkResponse.swift */; };
		DA46518D21405F4A005B3353 /* ExploreCollectionViewCell.swift in Sources */ = {isa = PBXBuildFile; fileRef = DA46518C21405F4A005B3353 /* ExploreCollectionViewCell.swift */; };
		DA46518F21406068005B3353 /* NSLayoutConstraints+Extensions.swift in Sources */ = {isa = PBXBuildFile; fileRef = DA46518E21406068005B3353 /* NSLayoutConstraints+Extensions.swift */; };
		DA46519121406177005B3353 /* UIView+Extensions.swift in Sources */ = {isa = PBXBuildFile; fileRef = DA46519021406177005B3353 /* UIView+Extensions.swift */; };
		DA4651932140619A005B3353 /* UITableView+Extensions.swift in Sources */ = {isa = PBXBuildFile; fileRef = DA4651922140619A005B3353 /* UITableView+Extensions.swift */; };
		DA465195214061C7005B3353 /* UICollectionView+ReusableCells.swift in Sources */ = {isa = PBXBuildFile; fileRef = DA465194214061C7005B3353 /* UICollectionView+ReusableCells.swift */; };
		DA4651982140655D005B3353 /* ExploreLogicController.swift in Sources */ = {isa = PBXBuildFile; fileRef = DA4651972140655D005B3353 /* ExploreLogicController.swift */; };
		DA46519C214066A6005B3353 /* Promise+Networking.swift in Sources */ = {isa = PBXBuildFile; fileRef = DA46519B214066A6005B3353 /* Promise+Networking.swift */; };
		DA46519E2140670F005B3353 /* Data+Decodable.swift in Sources */ = {isa = PBXBuildFile; fileRef = DA46519D2140670F005B3353 /* Data+Decodable.swift */; };
		DA4651A621406EEF005B3353 /* ImageLoader.swift in Sources */ = {isa = PBXBuildFile; fileRef = DA4651A521406EEF005B3353 /* ImageLoader.swift */; };
		DA4651A921408AFA005B3353 /* recipes.json in Resources */ = {isa = PBXBuildFile; fileRef = DA4651A821408AFA005B3353 /* recipes.json */; };
		DA4651AB21408B6E005B3353 /* recipe.json in Resources */ = {isa = PBXBuildFile; fileRef = DA4651AA21408B6E005B3353 /* recipe.json */; };
/* End PBXBuildFile section */

/* Begin PBXContainerItemProxy section */
		CFE067E5213D6F25000E95FC /* PBXContainerItemProxy */ = {
			isa = PBXContainerItemProxy;
			containerPortal = CFE067C5213D6F23000E95FC /* Project object */;
			proxyType = 1;
			remoteGlobalIDString = CFE067CC213D6F23000E95FC;
			remoteInfo = Food2Fork;
		};
		CFE067F0213D6F25000E95FC /* PBXContainerItemProxy */ = {
			isa = PBXContainerItemProxy;
			containerPortal = CFE067C5213D6F23000E95FC /* Project object */;
			proxyType = 1;
			remoteGlobalIDString = CFE067CC213D6F23000E95FC;
			remoteInfo = Food2Fork;
		};
/* End PBXContainerItemProxy section */

/* Begin PBXFileReference section */
		2E0BDC6DD1A27E88542B4DEF /* Pods_Food2Fork.framework */ = {isa = PBXFileReference; explicitFileType = wrapper.framework; includeInIndex = 0; path = Pods_Food2Fork.framework; sourceTree = BUILT_PRODUCTS_DIR; };
		30BB8E2C545CA448E4A5A388 /* Pods-Food2ForkTests.release.xcconfig */ = {isa = PBXFileReference; includeInIndex = 1; lastKnownFileType = text.xcconfig; name = "Pods-Food2ForkTests.release.xcconfig"; path = "Pods/Target Support Files/Pods-Food2ForkTests/Pods-Food2ForkTests.release.xcconfig"; sourceTree = "<group>"; };
		5B87B4D412F1650BA1A0F99E /* Pods-Food2Fork.release.xcconfig */ = {isa = PBXFileReference; includeInIndex = 1; lastKnownFileType = text.xcconfig; name = "Pods-Food2Fork.release.xcconfig"; path = "Pods/Target Support Files/Pods-Food2Fork/Pods-Food2Fork.release.xcconfig"; sourceTree = "<group>"; };
		B2CE337691B93C009DA08834 /* Pods-Food2ForkTests.debug.xcconfig */ = {isa = PBXFileReference; includeInIndex = 1; lastKnownFileType = text.xcconfig; name = "Pods-Food2ForkTests.debug.xcconfig"; path = "Pods/Target Support Files/Pods-Food2ForkTests/Pods-Food2ForkTests.debug.xcconfig"; sourceTree = "<group>"; };
		C25C99705CA2B46E38A48E4B /* Pods-Food2Fork.debug.xcconfig */ = {isa = PBXFileReference; includeInIndex = 1; lastKnownFileType = text.xcconfig; name = "Pods-Food2Fork.debug.xcconfig"; path = "Pods/Target Support Files/Pods-Food2Fork/Pods-Food2Fork.debug.xcconfig"; sourceTree = "<group>"; };
		CE66871008A9F8B1E439B4A2 /* Pods_Food2ForkTests.framework */ = {isa = PBXFileReference; explicitFileType = wrapper.framework; includeInIndex = 0; path = Pods_Food2ForkTests.framework; sourceTree = BUILT_PRODUCTS_DIR; };
		CF5FAC27214291C800654E90 /* SearchSort.swift */ = {isa = PBXFileReference; lastKnownFileType = sourcecode.swift; path = SearchSort.swift; sourceTree = "<group>"; };
		CF5FAC292142C3EA00654E90 /* UIButton+Background.swift */ = {isa = PBXFileReference; lastKnownFileType = sourcecode.swift; path = "UIButton+Background.swift"; sourceTree = "<group>"; };
		CFA1FF3A213ED49A001394DB /* DependencyContainer.swift */ = {isa = PBXFileReference; lastKnownFileType = sourcecode.swift; path = DependencyContainer.swift; sourceTree = "<group>"; };
		CFA1FF3C213ED4E7001394DB /* ControllerFactory.swift */ = {isa = PBXFileReference; lastKnownFileType = sourcecode.swift; path = ControllerFactory.swift; sourceTree = "<group>"; };
		CFA1FF42213ED638001394DB /* RecipeViewController.swift */ = {isa = PBXFileReference; lastKnownFileType = sourcecode.swift; path = RecipeViewController.swift; sourceTree = "<group>"; };
		CFA1FF44213ED674001394DB /* FavoritesFlowController.swift */ = {isa = PBXFileReference; lastKnownFileType = sourcecode.swift; path = FavoritesFlowController.swift; sourceTree = "<group>"; };
		CFA1FF46213ED689001394DB /* SearchFlowController.swift */ = {isa = PBXFileReference; lastKnownFileType = sourcecode.swift; path = SearchFlowController.swift; sourceTree = "<group>"; };
		CFA1FF48213ED699001394DB /* ExploreFlowController.swift */ = {isa = PBXFileReference; lastKnownFileType = sourcecode.swift; path = ExploreFlowController.swift; sourceTree = "<group>"; };
		CFA1FF4B213ED7A4001394DB /* AppFlowController.swift */ = {isa = PBXFileReference; lastKnownFileType = sourcecode.swift; path = AppFlowController.swift; sourceTree = "<group>"; };
		CFA1FF4E213ED7E1001394DB /* MainTabBarController.swift */ = {isa = PBXFileReference; lastKnownFileType = sourcecode.swift; path = MainTabBarController.swift; sourceTree = "<group>"; };
		CFA3DF8E213FF0EC00A39C71 /* R.generated.swift */ = {isa = PBXFileReference; fileEncoding = 4; lastKnownFileType = sourcecode.swift; path = R.generated.swift; sourceTree = "<group>"; };
		CFA3DF93213FF1D800A39C71 /* en */ = {isa = PBXFileReference; lastKnownFileType = text.plist.strings; name = en; path = en.lproj/Localizable.strings; sourceTree = "<group>"; };
		CFA3DF97213FF39200A39C71 /* UIViewController+Child.swift */ = {isa = PBXFileReference; lastKnownFileType = sourcecode.swift; path = "UIViewController+Child.swift"; sourceTree = "<group>"; };
		CFA3DF9D213FF56200A39C71 /* Fonts.swift */ = {isa = PBXFileReference; lastKnownFileType = sourcecode.swift; path = Fonts.swift; sourceTree = "<group>"; };
		CFA3DF9F213FF75700A39C71 /* Colors.xcassets */ = {isa = PBXFileReference; lastKnownFileType = folder.assetcatalog; path = Colors.xcassets; sourceTree = "<group>"; };
		CFA3DFA22140063600A39C71 /* ExploreViewController.swift */ = {isa = PBXFileReference; lastKnownFileType = sourcecode.swift; path = ExploreViewController.swift; sourceTree = "<group>"; };
		CFA3DFA621400A6500A39C71 /* FavoritesViewController.swift */ = {isa = PBXFileReference; lastKnownFileType = sourcecode.swift; path = FavoritesViewController.swift; sourceTree = "<group>"; };
		CFA3DFAC214016D200A39C71 /* Endpoint.swift */ = {isa = PBXFileReference; lastKnownFileType = sourcecode.swift; path = Endpoint.swift; sourceTree = "<group>"; };
		CFA3DFAE214017A900A39C71 /* APIConfig.swift */ = {isa = PBXFileReference; lastKnownFileType = sourcecode.swift; path = APIConfig.swift; sourceTree = "<group>"; };
		CFBBB4D921468495008F3943 /* AppFlowControllerTests.swift */ = {isa = PBXFileReference; lastKnownFileType = sourcecode.swift; path = AppFlowControllerTests.swift; sourceTree = "<group>"; };
		CFBBB4DB2146865F008F3943 /* DependencyContainerTests.swift */ = {isa = PBXFileReference; lastKnownFileType = sourcecode.swift; path = DependencyContainerTests.swift; sourceTree = "<group>"; };
		CFBBB4DE21468AEA008F3943 /* NSLayoutConstraintsExtensionsTests.swift */ = {isa = PBXFileReference; lastKnownFileType = sourcecode.swift; path = NSLayoutConstraintsExtensionsTests.swift; sourceTree = "<group>"; };
		CFBBB4E021468C5E008F3943 /* UIButtonBackgroundTests.swift */ = {isa = PBXFileReference; lastKnownFileType = sourcecode.swift; path = UIButtonBackgroundTests.swift; sourceTree = "<group>"; };
		CFBBB4E221468D9B008F3943 /* UIViewExtensionsTests.swift */ = {isa = PBXFileReference; lastKnownFileType = sourcecode.swift; path = UIViewExtensionsTests.swift; sourceTree = "<group>"; };
		CFBBB4E421468F5D008F3943 /* UIViewControllerChildTests.swift */ = {isa = PBXFileReference; lastKnownFileType = sourcecode.swift; path = UIViewControllerChildTests.swift; sourceTree = "<group>"; };
		CFE067CD213D6F23000E95FC /* Food2Fork.app */ = {isa = PBXFileReference; explicitFileType = wrapper.application; includeInIndex = 0; path = Food2Fork.app; sourceTree = BUILT_PRODUCTS_DIR; };
		CFE067D0213D6F23000E95FC /* AppDelegate.swift */ = {isa = PBXFileReference; lastKnownFileType = sourcecode.swift; path = AppDelegate.swift; sourceTree = "<group>"; };
		CFE067D8213D6F23000E95FC /* Food2Fork.xcdatamodel */ = {isa = PBXFileReference; lastKnownFileType = wrapper.xcdatamodel; path = Food2Fork.xcdatamodel; sourceTree = "<group>"; };
		CFE067DA213D6F24000E95FC /* Images.xcassets */ = {isa = PBXFileReference; lastKnownFileType = folder.assetcatalog; path = Images.xcassets; sourceTree = "<group>"; };
		CFE067DD213D6F24000E95FC /* Base */ = {isa = PBXFileReference; lastKnownFileType = file.storyboard; name = Base; path = Base.lproj/LaunchScreen.storyboard; sourceTree = "<group>"; };
		CFE067DF213D6F24000E95FC /* Info.plist */ = {isa = PBXFileReference; lastKnownFileType = text.plist.xml; path = Info.plist; sourceTree = "<group>"; };
		CFE067E4213D6F25000E95FC /* Food2ForkTests.xctest */ = {isa = PBXFileReference; explicitFileType = wrapper.cfbundle; includeInIndex = 0; path = Food2ForkTests.xctest; sourceTree = BUILT_PRODUCTS_DIR; };
		CFE067E8213D6F25000E95FC /* Food2ForkTests.swift */ = {isa = PBXFileReference; lastKnownFileType = sourcecode.swift; path = Food2ForkTests.swift; sourceTree = "<group>"; };
		CFE067EA213D6F25000E95FC /* Info.plist */ = {isa = PBXFileReference; lastKnownFileType = text.plist.xml; path = Info.plist; sourceTree = "<group>"; };
		CFE067EF213D6F25000E95FC /* Food2ForkUITests.xctest */ = {isa = PBXFileReference; explicitFileType = wrapper.cfbundle; includeInIndex = 0; path = Food2ForkUITests.xctest; sourceTree = BUILT_PRODUCTS_DIR; };
		CFE067F3213D6F25000E95FC /* Food2ForkUITests.swift */ = {isa = PBXFileReference; lastKnownFileType = sourcecode.swift; path = Food2ForkUITests.swift; sourceTree = "<group>"; };
		CFE067F5213D6F25000E95FC /* Info.plist */ = {isa = PBXFileReference; lastKnownFileType = text.plist.xml; path = Info.plist; sourceTree = "<group>"; };
		DA25B0E22141C77200933167 /* InfoViewController.swift */ = {isa = PBXFileReference; lastKnownFileType = sourcecode.swift; path = InfoViewController.swift; sourceTree = "<group>"; };
		DA25B0E82141DAC000933167 /* SearchLogicController.swift */ = {isa = PBXFileReference; lastKnownFileType = sourcecode.swift; path = SearchLogicController.swift; sourceTree = "<group>"; };
		DA25B0ED2141DF3300933167 /* SearchViewController.swift */ = {isa = PBXFileReference; lastKnownFileType = sourcecode.swift; path = SearchViewController.swift; sourceTree = "<group>"; };
		DA25B0F02143EFB900933167 /* FavoritesLogicController.swift */ = {isa = PBXFileReference; lastKnownFileType = sourcecode.swift; path = FavoritesLogicController.swift; sourceTree = "<group>"; };
		DA25B0F42143F04D00933167 /* ViewState.swift */ = {isa = PBXFileReference; lastKnownFileType = sourcecode.swift; path = ViewState.swift; sourceTree = "<group>"; };
		DA25B0F82145375D00933167 /* ManagedObjectConvertible.swift */ = {isa = PBXFileReference; lastKnownFileType = sourcecode.swift; path = ManagedObjectConvertible.swift; sourceTree = "<group>"; };
		DA25B0FA214537F900933167 /* Recipe+ManagedObjectConvertible.swift */ = {isa = PBXFileReference; lastKnownFileType = sourcecode.swift; path = "Recipe+ManagedObjectConvertible.swift"; sourceTree = "<group>"; };
		DA25B1002145476B00933167 /* ModelController.swift */ = {isa = PBXFileReference; lastKnownFileType = sourcecode.swift; path = ModelController.swift; sourceTree = "<group>"; };
		DA25B103214554EF00933167 /* RecipeEntity+CoreDataClass.swift */ = {isa = PBXFileReference; lastKnownFileType = sourcecode.swift; path = "RecipeEntity+CoreDataClass.swift"; sourceTree = "<group>"; };
		DA25B104214554EF00933167 /* RecipeEntity+CoreDataProperties.swift */ = {isa = PBXFileReference; lastKnownFileType = sourcecode.swift; path = "RecipeEntity+CoreDataProperties.swift"; sourceTree = "<group>"; };
		DA25B10C214557CB00933167 /* RecipeManagedObjectConvertibleTests.swift */ = {isa = PBXFileReference; lastKnownFileType = sourcecode.swift; path = RecipeManagedObjectConvertibleTests.swift; sourceTree = "<group>"; };
		DA25B10F21455F6800933167 /* RecipeHeaderView.swift */ = {isa = PBXFileReference; lastKnownFileType = sourcecode.swift; path = RecipeHeaderView.swift; sourceTree = "<group>"; };
		DA25B1112145618C00933167 /* RecipeIngredientsView.swift */ = {isa = PBXFileReference; lastKnownFileType = sourcecode.swift; path = RecipeIngredientsView.swift; sourceTree = "<group>"; };
		DA25B11321456BF000933167 /* RecipeLogicController.swift */ = {isa = PBXFileReference; lastKnownFileType = sourcecode.swift; path = RecipeLogicController.swift; sourceTree = "<group>"; };
		DA25B1152145704C00933167 /* Dimensions.swift */ = {isa = PBXFileReference; lastKnownFileType = sourcecode.swift; path = Dimensions.swift; sourceTree = "<group>"; };
		DA25B11D21458AE400933167 /* AppearanceConfigurator.swift */ = {isa = PBXFileReference; lastKnownFileType = sourcecode.swift; path = AppearanceConfigurator.swift; sourceTree = "<group>"; };
		DA25B11F21458AFD00933167 /* BootstrapConfiguring.swift */ = {isa = PBXFileReference; lastKnownFileType = sourcecode.swift; path = BootstrapConfiguring.swift; sourceTree = "<group>"; };
		DA25B1212145B08400933167 /* RoundedLabel.swift */ = {isa = PBXFileReference; lastKnownFileType = sourcecode.swift; path = RoundedLabel.swift; sourceTree = "<group>"; };
		DA25B1262145C19200933167 /* FavoriteTableViewCell.swift */ = {isa = PBXFileReference; lastKnownFileType = sourcecode.swift; path = FavoriteTableViewCell.swift; sourceTree = "<group>"; };
		DA25B1282145CD8C00933167 /* LaunchTransitionManager.swift */ = {isa = PBXFileReference; lastKnownFileType = sourcecode.swift; path = LaunchTransitionManager.swift; sourceTree = "<group>"; };
		DA25B12A2145D4AC00933167 /* XCUIApplication+Food2Fork.swift */ = {isa = PBXFileReference; lastKnownFileType = sourcecode.swift; path = "XCUIApplication+Food2Fork.swift"; sourceTree = "<group>"; };
		DA25B12C2145D4FB00933167 /* Utilities.swift */ = {isa = PBXFileReference; lastKnownFileType = sourcecode.swift; path = Utilities.swift; sourceTree = "<group>"; };
		DA46518421405229005B3353 /* SearchNetworkResponse.swift */ = {isa = PBXFileReference; lastKnownFileType = sourcecode.swift; path = SearchNetworkResponse.swift; sourceTree = "<group>"; };
		DA46518621405441005B3353 /* Recipe.swift */ = {isa = PBXFileReference; lastKnownFileType = sourcecode.swift; path = Recipe.swift; sourceTree = "<group>"; };
		DA46518921405DC8005B3353 /* RecipeNetworkResponse.swift */ = {isa = PBXFileReference; lastKnownFileType = sourcecode.swift; path = RecipeNetworkResponse.swift; sourceTree = "<group>"; };
		DA46518C21405F4A005B3353 /* ExploreCollectionViewCell.swift */ = {isa = PBXFileReference; lastKnownFileType = sourcecode.swift; path = ExploreCollectionViewCell.swift; sourceTree = "<group>"; };
		DA46518E21406068005B3353 /* NSLayoutConstraints+Extensions.swift */ = {isa = PBXFileReference; lastKnownFileType = sourcecode.swift; path = "NSLayoutConstraints+Extensions.swift"; sourceTree = "<group>"; };
		DA46519021406177005B3353 /* UIView+Extensions.swift */ = {isa = PBXFileReference; lastKnownFileType = sourcecode.swift; path = "UIView+Extensions.swift"; sourceTree = "<group>"; };
		DA4651922140619A005B3353 /* UITableView+Extensions.swift */ = {isa = PBXFileReference; lastKnownFileType = sourcecode.swift; path = "UITableView+Extensions.swift"; sourceTree = "<group>"; };
		DA465194214061C7005B3353 /* UICollectionView+ReusableCells.swift */ = {isa = PBXFileReference; lastKnownFileType = sourcecode.swift; path = "UICollectionView+ReusableCells.swift"; sourceTree = "<group>"; };
		DA4651972140655D005B3353 /* ExploreLogicController.swift */ = {isa = PBXFileReference; lastKnownFileType = sourcecode.swift; path = ExploreLogicController.swift; sourceTree = "<group>"; };
		DA46519B214066A6005B3353 /* Promise+Networking.swift */ = {isa = PBXFileReference; lastKnownFileType = sourcecode.swift; path = "Promise+Networking.swift"; sourceTree = "<group>"; };
		DA46519D2140670F005B3353 /* Data+Decodable.swift */ = {isa = PBXFileReference; lastKnownFileType = sourcecode.swift; path = "Data+Decodable.swift"; sourceTree = "<group>"; };
		DA4651A221406BF0005B3353 /* Security.framework */ = {isa = PBXFileReference; lastKnownFileType = wrapper.framework; name = Security.framework; path = System/Library/Frameworks/Security.framework; sourceTree = SDKROOT; };
		DA4651A521406EEF005B3353 /* ImageLoader.swift */ = {isa = PBXFileReference; lastKnownFileType = sourcecode.swift; path = ImageLoader.swift; sourceTree = "<group>"; };
		DA4651A821408AFA005B3353 /* recipes.json */ = {isa = PBXFileReference; lastKnownFileType = text.json; path = recipes.json; sourceTree = "<group>"; };
		DA4651AA21408B6E005B3353 /* recipe.json */ = {isa = PBXFileReference; lastKnownFileType = text.json; path = recipe.json; sourceTree = "<group>"; };
/* End PBXFileReference section */

/* Begin PBXFrameworksBuildPhase section */
		CFE067CA213D6F23000E95FC /* Frameworks */ = {
			isa = PBXFrameworksBuildPhase;
			buildActionMask = 2147483647;
			files = (
				65A67D4194C7ABF9228C9F67 /* Pods_Food2Fork.framework in Frameworks */,
			);
			runOnlyForDeploymentPostprocessing = 0;
		};
		CFE067E1213D6F25000E95FC /* Frameworks */ = {
			isa = PBXFrameworksBuildPhase;
			buildActionMask = 2147483647;
			files = (
				63152338BC61978FEB31D08A /* Pods_Food2ForkTests.framework in Frameworks */,
			);
			runOnlyForDeploymentPostprocessing = 0;
		};
		CFE067EC213D6F25000E95FC /* Frameworks */ = {
			isa = PBXFrameworksBuildPhase;
			buildActionMask = 2147483647;
			files = (
			);
			runOnlyForDeploymentPostprocessing = 0;
		};
/* End PBXFrameworksBuildPhase section */

/* Begin PBXGroup section */
		6E9F457E48ACF3CC2EB87663 /* Pods */ = {
			isa = PBXGroup;
			children = (
				C25C99705CA2B46E38A48E4B /* Pods-Food2Fork.debug.xcconfig */,
				5B87B4D412F1650BA1A0F99E /* Pods-Food2Fork.release.xcconfig */,
				B2CE337691B93C009DA08834 /* Pods-Food2ForkTests.debug.xcconfig */,
				30BB8E2C545CA448E4A5A388 /* Pods-Food2ForkTests.release.xcconfig */,
			);
			name = Pods;
			sourceTree = "<group>";
		};
		C59FC5933FD3C13035FAA4AB /* Frameworks */ = {
			isa = PBXGroup;
			children = (
				DA4651A221406BF0005B3353 /* Security.framework */,
				2E0BDC6DD1A27E88542B4DEF /* Pods_Food2Fork.framework */,
				CE66871008A9F8B1E439B4A2 /* Pods_Food2ForkTests.framework */,
			);
			name = Frameworks;
			sourceTree = "<group>";
		};
		CF0C50A8213E8F0F003989E4 /* Features */ = {
			isa = PBXGroup;
			children = (
				DA25B11C21458AD500933167 /* Bootstrap */,
				CFA1FF3E213ED597001394DB /* Explore */,
				CFA1FF40213ED5CF001394DB /* Favorites */,
				DA25B0E12141C76400933167 /* Info */,
				CFA1FF4D213ED7CA001394DB /* Main */,
				CFA3DFAA214012C700A39C71 /* Networking */,
				DA4651A421406EDE005B3353 /* PersistenceLayer */,
				CFA1FF41213ED605001394DB /* Recipe */,
				CFA1FF3F213ED5C6001394DB /* Search */,
			);
			path = Features;
			sourceTree = "<group>";
		};
		CF0C50AB213E9079003989E4 /* Constants */ = {
			isa = PBXGroup;
			children = (
				CFA3DFAE214017A900A39C71 /* APIConfig.swift */,
				DA25B1152145704C00933167 /* Dimensions.swift */,
				CFA3DF9D213FF56200A39C71 /* Fonts.swift */,
				CFA3DF8E213FF0EC00A39C71 /* R.generated.swift */,
			);
			path = Constants;
			sourceTree = "<group>";
		};
		CFA1FF3E213ED597001394DB /* Explore */ = {
			isa = PBXGroup;
			children = (
				CFA3DFA12140062000A39C71 /* Controllers */,
				DA4651962140654D005B3353 /* Logic */,
				DA46518B21405F39005B3353 /* Views */,
			);
			path = Explore;
			sourceTree = "<group>";
		};
		CFA1FF3F213ED5C6001394DB /* Search */ = {
			isa = PBXGroup;
			children = (
				CFA3DFA52140099E00A39C71 /* Controllers */,
				DA25B0EA2141DAC700933167 /* Logic */,
				DA46518321404D64005B3353 /* Models */,
			);
			path = Search;
			sourceTree = "<group>";
		};
		CFA1FF40213ED5CF001394DB /* Favorites */ = {
			isa = PBXGroup;
			children = (
				CFA3DFA42140098E00A39C71 /* Controllers */,
				DA25B0EF2143EFAB00933167 /* Logic */,
				DA25B1252145C17E00933167 /* Views */,
			);
			path = Favorites;
			sourceTree = "<group>";
		};
		CFA1FF41213ED605001394DB /* Recipe */ = {
			isa = PBXGroup;
			children = (
				DA25B11321456BF000933167 /* RecipeLogicController.swift */,
				CFA1FF42213ED638001394DB /* RecipeViewController.swift */,
				DA46518821405888005B3353 /* Models */,
				DA25B10E21455F5900933167 /* View */,
			);
			path = Recipe;
			sourceTree = "<group>";
		};
		CFA1FF4A213ED782001394DB /* App */ = {
			isa = PBXGroup;
			children = (
				CFE067D0213D6F23000E95FC /* AppDelegate.swift */,
				CFA1FF4B213ED7A4001394DB /* AppFlowController.swift */,
				CFA1FF3C213ED4E7001394DB /* ControllerFactory.swift */,
				CFA1FF3A213ED49A001394DB /* DependencyContainer.swift */,
			);
			path = App;
			sourceTree = "<group>";
		};
		CFA1FF4D213ED7CA001394DB /* Main */ = {
			isa = PBXGroup;
			children = (
				CFA1FF4E213ED7E1001394DB /* MainTabBarController.swift */,
			);
			path = Main;
			sourceTree = "<group>";
		};
		CFA3DF96213FF37E00A39C71 /* Extensions */ = {
			isa = PBXGroup;
			children = (
				DA46518E21406068005B3353 /* NSLayoutConstraints+Extensions.swift */,
				CF5FAC292142C3EA00654E90 /* UIButton+Background.swift */,
				DA465194214061C7005B3353 /* UICollectionView+ReusableCells.swift */,
				DA4651922140619A005B3353 /* UITableView+Extensions.swift */,
				DA46519021406177005B3353 /* UIView+Extensions.swift */,
				CFA3DF97213FF39200A39C71 /* UIViewController+Child.swift */,
			);
			path = Extensions;
			sourceTree = "<group>";
		};
		CFA3DFA12140062000A39C71 /* Controllers */ = {
			isa = PBXGroup;
			children = (
				CFA1FF48213ED699001394DB /* ExploreFlowController.swift */,
				CFA3DFA22140063600A39C71 /* ExploreViewController.swift */,
			);
			path = Controllers;
			sourceTree = "<group>";
		};
		CFA3DFA42140098E00A39C71 /* Controllers */ = {
			isa = PBXGroup;
			children = (
				CFA1FF44213ED674001394DB /* FavoritesFlowController.swift */,
				CFA3DFA621400A6500A39C71 /* FavoritesViewController.swift */,
			);
			path = Controllers;
			sourceTree = "<group>";
		};
		CFA3DFA52140099E00A39C71 /* Controllers */ = {
			isa = PBXGroup;
			children = (
				CFA1FF46213ED689001394DB /* SearchFlowController.swift */,
				DA25B0ED2141DF3300933167 /* SearchViewController.swift */,
			);
			path = Controllers;
			sourceTree = "<group>";
		};
		CFA3DFAA214012C700A39C71 /* Networking */ = {
			isa = PBXGroup;
			children = (
				DA46519D2140670F005B3353 /* Data+Decodable.swift */,
				CFA3DFAC214016D200A39C71 /* Endpoint.swift */,
				DA4651A521406EEF005B3353 /* ImageLoader.swift */,
				DA46519B214066A6005B3353 /* Promise+Networking.swift */,
			);
			path = Networking;
			sourceTree = "<group>";
		};
		CFBBB4D821468488008F3943 /* App */ = {
			isa = PBXGroup;
			children = (
				CFBBB4D921468495008F3943 /* AppFlowControllerTests.swift */,
				CFBBB4DB2146865F008F3943 /* DependencyContainerTests.swift */,
			);
			path = App;
			sourceTree = "<group>";
		};
		CFBBB4DD21468AC5008F3943 /* Extensions */ = {
			isa = PBXGroup;
			children = (
				CFBBB4DE21468AEA008F3943 /* NSLayoutConstraintsExtensionsTests.swift */,
				CFBBB4E021468C5E008F3943 /* UIButtonBackgroundTests.swift */,
				CFBBB4E221468D9B008F3943 /* UIViewExtensionsTests.swift */,
				CFBBB4E421468F5D008F3943 /* UIViewControllerChildTests.swift */,
			);
			path = Extensions;
			sourceTree = "<group>";
		};
		CFE067C4213D6F23000E95FC = {
			isa = PBXGroup;
			children = (
				CFE067CF213D6F23000E95FC /* Food2Fork */,
				CFE067E7213D6F25000E95FC /* Food2ForkTests */,
				CFE067F2213D6F25000E95FC /* Food2ForkUITests */,
				CFE067CE213D6F23000E95FC /* Products */,
				6E9F457E48ACF3CC2EB87663 /* Pods */,
				C59FC5933FD3C13035FAA4AB /* Frameworks */,
			);
			sourceTree = "<group>";
		};
		CFE067CE213D6F23000E95FC /* Products */ = {
			isa = PBXGroup;
			children = (
				CFE067CD213D6F23000E95FC /* Food2Fork.app */,
				CFE067E4213D6F25000E95FC /* Food2ForkTests.xctest */,
				CFE067EF213D6F25000E95FC /* Food2ForkUITests.xctest */,
			);
			name = Products;
			sourceTree = "<group>";
		};
		CFE067CF213D6F23000E95FC /* Food2Fork */ = {
			isa = PBXGroup;
			children = (
				CFE06802213D73A4000E95FC /* Sources */,
				CFE06801213D7399000E95FC /* Resources */,
			);
			path = Food2Fork;
			sourceTree = "<group>";
		};
		CFE067E7213D6F25000E95FC /* Food2ForkTests */ = {
			isa = PBXGroup;
			children = (
				CFE06804213D7602000E95FC /* Resources */,
				CFE06803213D75FC000E95FC /* Sources */,
			);
			path = Food2ForkTests;
			sourceTree = "<group>";
		};
		CFE067F2213D6F25000E95FC /* Food2ForkUITests */ = {
			isa = PBXGroup;
			children = (
				CFE06806213D761A000E95FC /* Resources */,
				CFE06805213D7613000E95FC /* Sources */,
			);
			path = Food2ForkUITests;
			sourceTree = "<group>";
		};
		CFE06801213D7399000E95FC /* Resources */ = {
			isa = PBXGroup;
			children = (
				CFE067DF213D6F24000E95FC /* Info.plist */,
				CFA3DF9F213FF75700A39C71 /* Colors.xcassets */,
				CFE067DA213D6F24000E95FC /* Images.xcassets */,
				CFE067D7213D6F23000E95FC /* Food2Fork.xcdatamodeld */,
				CFE067DC213D6F24000E95FC /* LaunchScreen.storyboard */,
				CFA3DF94213FF1D800A39C71 /* Localizable.strings */,
				DA4651A721408AEA005B3353 /* Mocks */,
			);
			path = Resources;
			sourceTree = "<group>";
		};
		CFE06802213D73A4000E95FC /* Sources */ = {
			isa = PBXGroup;
			children = (
				CFA1FF4A213ED782001394DB /* App */,
				CF0C50AB213E9079003989E4 /* Constants */,
				CFA3DF96213FF37E00A39C71 /* Extensions */,
				CF0C50A8213E8F0F003989E4 /* Features */,
				DA25B0F32143F03100933167 /* Library */,
			);
			path = Sources;
			sourceTree = "<group>";
		};
		CFE06803213D75FC000E95FC /* Sources */ = {
			isa = PBXGroup;
			children = (
				CFBBB4DD21468AC5008F3943 /* Extensions */,
				CFBBB4D821468488008F3943 /* App */,
				DA25B1082145574B00933167 /* Features */,
				CFE067E8213D6F25000E95FC /* Food2ForkTests.swift */,
			);
			path = Sources;
			sourceTree = "<group>";
		};
		CFE06804213D7602000E95FC /* Resources */ = {
			isa = PBXGroup;
			children = (
				CFE067EA213D6F25000E95FC /* Info.plist */,
			);
			path = Resources;
			sourceTree = "<group>";
		};
		CFE06805213D7613000E95FC /* Sources */ = {
			isa = PBXGroup;
			children = (
				CFE067F3213D6F25000E95FC /* Food2ForkUITests.swift */,
				DA25B12A2145D4AC00933167 /* XCUIApplication+Food2Fork.swift */,
			);
			path = Sources;
			sourceTree = "<group>";
		};
		CFE06806213D761A000E95FC /* Resources */ = {
			isa = PBXGroup;
			children = (
				CFE067F5213D6F25000E95FC /* Info.plist */,
			);
			path = Resources;
			sourceTree = "<group>";
		};
		DA25B0E12141C76400933167 /* Info */ = {
			isa = PBXGroup;
			children = (
				DA25B0E22141C77200933167 /* InfoViewController.swift */,
			);
			path = Info;
			sourceTree = "<group>";
		};
		DA25B0EA2141DAC700933167 /* Logic */ = {
			isa = PBXGroup;
			children = (
				DA25B0E82141DAC000933167 /* SearchLogicController.swift */,
			);
			path = Logic;
			sourceTree = "<group>";
		};
		DA25B0EF2143EFAB00933167 /* Logic */ = {
			isa = PBXGroup;
			children = (
				DA25B0F02143EFB900933167 /* FavoritesLogicController.swift */,
			);
			path = Logic;
			sourceTree = "<group>";
		};
		DA25B0F32143F03100933167 /* Library */ = {
			isa = PBXGroup;
			children = (
				DA25B1282145CD8C00933167 /* LaunchTransitionManager.swift */,
				DA25B1212145B08400933167 /* RoundedLabel.swift */,
				DA25B0F42143F04D00933167 /* ViewState.swift */,
				DA25B12C2145D4FB00933167 /* Utilities.swift */,
			);
			path = Library;
			sourceTree = "<group>";
		};
		DA25B102214554D800933167 /* Entities */ = {
			isa = PBXGroup;
			children = (
				DA25B103214554EF00933167 /* RecipeEntity+CoreDataClass.swift */,
				DA25B104214554EF00933167 /* RecipeEntity+CoreDataProperties.swift */,
			);
			path = Entities;
			sourceTree = "<group>";
		};
		DA25B1072145554900933167 /* Conversions */ = {
			isa = PBXGroup;
			children = (
				DA25B0F82145375D00933167 /* ManagedObjectConvertible.swift */,
				DA25B0FA214537F900933167 /* Recipe+ManagedObjectConvertible.swift */,
			);
			path = Conversions;
			sourceTree = "<group>";
		};
		DA25B1082145574B00933167 /* Features */ = {
			isa = PBXGroup;
			children = (
				DA25B10B214557AF00933167 /* PersistenceLayer */,
			);
			path = Features;
			sourceTree = "<group>";
		};
		DA25B10B214557AF00933167 /* PersistenceLayer */ = {
			isa = PBXGroup;
			children = (
				DA25B10C214557CB00933167 /* RecipeManagedObjectConvertibleTests.swift */,
			);
			path = PersistenceLayer;
			sourceTree = "<group>";
		};
		DA25B10E21455F5900933167 /* View */ = {
			isa = PBXGroup;
			children = (
				DA25B10F21455F6800933167 /* RecipeHeaderView.swift */,
				DA25B1112145618C00933167 /* RecipeIngredientsView.swift */,
			);
			path = View;
			sourceTree = "<group>";
		};
		DA25B11C21458AD500933167 /* Bootstrap */ = {
			isa = PBXGroup;
			children = (
				DA25B11D21458AE400933167 /* AppearanceConfigurator.swift */,
				DA25B11F21458AFD00933167 /* BootstrapConfiguring.swift */,
			);
			path = Bootstrap;
			sourceTree = "<group>";
		};
		DA25B1252145C17E00933167 /* Views */ = {
			isa = PBXGroup;
			children = (
				DA25B1262145C19200933167 /* FavoriteTableViewCell.swift */,
			);
			path = Views;
			sourceTree = "<group>";
		};
		DA46518321404D64005B3353 /* Models */ = {
			isa = PBXGroup;
			children = (
				DA46518421405229005B3353 /* SearchNetworkResponse.swift */,
				CF5FAC27214291C800654E90 /* SearchSort.swift */,
			);
			path = Models;
			sourceTree = "<group>";
		};
		DA46518821405888005B3353 /* Models */ = {
			isa = PBXGroup;
			children = (
				DA46518621405441005B3353 /* Recipe.swift */,
				DA46518921405DC8005B3353 /* RecipeNetworkResponse.swift */,
			);
			path = Models;
			sourceTree = "<group>";
		};
		DA46518B21405F39005B3353 /* Views */ = {
			isa = PBXGroup;
			children = (
				DA46518C21405F4A005B3353 /* ExploreCollectionViewCell.swift */,
			);
			path = Views;
			sourceTree = "<group>";
		};
		DA4651962140654D005B3353 /* Logic */ = {
			isa = PBXGroup;
			children = (
				DA4651972140655D005B3353 /* ExploreLogicController.swift */,
			);
			path = Logic;
			sourceTree = "<group>";
		};
		DA4651A421406EDE005B3353 /* PersistenceLayer */ = {
			isa = PBXGroup;
			children = (
				DA25B1002145476B00933167 /* ModelController.swift */,
				DA25B1072145554900933167 /* Conversions */,
				DA25B102214554D800933167 /* Entities */,
			);
			path = PersistenceLayer;
			sourceTree = "<group>";
		};
		DA4651A721408AEA005B3353 /* Mocks */ = {
			isa = PBXGroup;
			children = (
				DA4651A821408AFA005B3353 /* recipes.json */,
				DA4651AA21408B6E005B3353 /* recipe.json */,
			);
			path = Mocks;
			sourceTree = "<group>";
		};
/* End PBXGroup section */

/* Begin PBXNativeTarget section */
		CFE067CC213D6F23000E95FC /* Food2Fork */ = {
			isa = PBXNativeTarget;
			buildConfigurationList = CFE067F8213D6F25000E95FC /* Build configuration list for PBXNativeTarget "Food2Fork" */;
			buildPhases = (
				8C2AEC04F47DC2D98B6C2656 /* [CP] Check Pods Manifest.lock */,
				CF0C50AC213E909B003989E4 /* R.swift */,
				CFE067C9213D6F23000E95FC /* Sources */,
				CFE067CA213D6F23000E95FC /* Frameworks */,
				CFE067CB213D6F23000E95FC /* Resources */,
				CF0C50AD213E90D5003989E4 /* SwiftLint */,
				67BA5904C6DB56BA4521CA76 /* [CP] Embed Pods Frameworks */,
			);
			buildRules = (
			);
			dependencies = (
			);
			name = Food2Fork;
			productName = Food2Fork;
			productReference = CFE067CD213D6F23000E95FC /* Food2Fork.app */;
			productType = "com.apple.product-type.application";
		};
		CFE067E3213D6F25000E95FC /* Food2ForkTests */ = {
			isa = PBXNativeTarget;
			buildConfigurationList = CFE067FB213D6F25000E95FC /* Build configuration list for PBXNativeTarget "Food2ForkTests" */;
			buildPhases = (
				5B658516259ED5F8D63B88CE /* [CP] Check Pods Manifest.lock */,
				CFE067E0213D6F25000E95FC /* Sources */,
				CFE067E1213D6F25000E95FC /* Frameworks */,
				CFE067E2213D6F25000E95FC /* Resources */,
			);
			buildRules = (
			);
			dependencies = (
				CFE067E6213D6F25000E95FC /* PBXTargetDependency */,
			);
			name = Food2ForkTests;
			productName = Food2ForkTests;
			productReference = CFE067E4213D6F25000E95FC /* Food2ForkTests.xctest */;
			productType = "com.apple.product-type.bundle.unit-test";
		};
		CFE067EE213D6F25000E95FC /* Food2ForkUITests */ = {
			isa = PBXNativeTarget;
			buildConfigurationList = CFE067FE213D6F25000E95FC /* Build configuration list for PBXNativeTarget "Food2ForkUITests" */;
			buildPhases = (
				CFE067EB213D6F25000E95FC /* Sources */,
				CFE067EC213D6F25000E95FC /* Frameworks */,
				CFE067ED213D6F25000E95FC /* Resources */,
			);
			buildRules = (
			);
			dependencies = (
				CFE067F1213D6F25000E95FC /* PBXTargetDependency */,
			);
			name = Food2ForkUITests;
			productName = Food2ForkUITests;
			productReference = CFE067EF213D6F25000E95FC /* Food2ForkUITests.xctest */;
			productType = "com.apple.product-type.bundle.ui-testing";
		};
/* End PBXNativeTarget section */

/* Begin PBXProject section */
		CFE067C5213D6F23000E95FC /* Project object */ = {
			isa = PBXProject;
			attributes = {
				LastSwiftUpdateCheck = 0940;
				LastUpgradeCheck = 0940;
				ORGANIZATIONNAME = "FINN.no AS";
				TargetAttributes = {
					CFE067CC213D6F23000E95FC = {
						CreatedOnToolsVersion = 9.4.1;
					};
					CFE067E3213D6F25000E95FC = {
						CreatedOnToolsVersion = 9.4.1;
						TestTargetID = CFE067CC213D6F23000E95FC;
					};
					CFE067EE213D6F25000E95FC = {
						CreatedOnToolsVersion = 9.4.1;
						TestTargetID = CFE067CC213D6F23000E95FC;
					};
				};
			};
			buildConfigurationList = CFE067C8213D6F23000E95FC /* Build configuration list for PBXProject "Food2Fork" */;
			compatibilityVersion = "Xcode 9.3";
			developmentRegion = en;
			hasScannedForEncodings = 0;
			knownRegions = (
				en,
				Base,
			);
			mainGroup = CFE067C4213D6F23000E95FC;
			productRefGroup = CFE067CE213D6F23000E95FC /* Products */;
			projectDirPath = "";
			projectRoot = "";
			targets = (
				CFE067CC213D6F23000E95FC /* Food2Fork */,
				CFE067E3213D6F25000E95FC /* Food2ForkTests */,
				CFE067EE213D6F25000E95FC /* Food2ForkUITests */,
			);
		};
/* End PBXProject section */

/* Begin PBXResourcesBuildPhase section */
		CFE067CB213D6F23000E95FC /* Resources */ = {
			isa = PBXResourcesBuildPhase;
			buildActionMask = 2147483647;
			files = (
				DA4651A921408AFA005B3353 /* recipes.json in Resources */,
				DA4651AB21408B6E005B3353 /* recipe.json in Resources */,
				CFE067DE213D6F24000E95FC /* LaunchScreen.storyboard in Resources */,
				CFA3DFA0213FF75700A39C71 /* Colors.xcassets in Resources */,
				CFA3DF92213FF1D800A39C71 /* Localizable.strings in Resources */,
				CFE067DB213D6F24000E95FC /* Images.xcassets in Resources */,
			);
			runOnlyForDeploymentPostprocessing = 0;
		};
		CFE067E2213D6F25000E95FC /* Resources */ = {
			isa = PBXResourcesBuildPhase;
			buildActionMask = 2147483647;
			files = (
			);
			runOnlyForDeploymentPostprocessing = 0;
		};
		CFE067ED213D6F25000E95FC /* Resources */ = {
			isa = PBXResourcesBuildPhase;
			buildActionMask = 2147483647;
			files = (
			);
			runOnlyForDeploymentPostprocessing = 0;
		};
/* End PBXResourcesBuildPhase section */

/* Begin PBXShellScriptBuildPhase section */
		5B658516259ED5F8D63B88CE /* [CP] Check Pods Manifest.lock */ = {
			isa = PBXShellScriptBuildPhase;
			buildActionMask = 2147483647;
			files = (
			);
			inputPaths = (
				"${PODS_PODFILE_DIR_PATH}/Podfile.lock",
				"${PODS_ROOT}/Manifest.lock",
			);
			name = "[CP] Check Pods Manifest.lock";
			outputPaths = (
				"$(DERIVED_FILE_DIR)/Pods-Food2ForkTests-checkManifestLockResult.txt",
			);
			runOnlyForDeploymentPostprocessing = 0;
			shellPath = /bin/sh;
			shellScript = "diff \"${PODS_PODFILE_DIR_PATH}/Podfile.lock\" \"${PODS_ROOT}/Manifest.lock\" > /dev/null\nif [ $? != 0 ] ; then\n    # print error to STDERR\n    echo \"error: The sandbox is not in sync with the Podfile.lock. Run 'pod install' or update your CocoaPods installation.\" >&2\n    exit 1\nfi\n# This output is used by Xcode 'outputs' to avoid re-running this script phase.\necho \"SUCCESS\" > \"${SCRIPT_OUTPUT_FILE_0}\"\n";
			showEnvVarsInLog = 0;
		};
		67BA5904C6DB56BA4521CA76 /* [CP] Embed Pods Frameworks */ = {
			isa = PBXShellScriptBuildPhase;
			buildActionMask = 2147483647;
			files = (
			);
			inputPaths = (
				"${SRCROOT}/Pods/Target Support Files/Pods-Food2Fork/Pods-Food2Fork-frameworks.sh",
				"${BUILT_PRODUCTS_DIR}/Malibu/Malibu.framework",
				"${BUILT_PRODUCTS_DIR}/R.swift.Library/Rswift.framework",
				"${BUILT_PRODUCTS_DIR}/When/When.framework",
			);
			name = "[CP] Embed Pods Frameworks";
			outputPaths = (
				"${TARGET_BUILD_DIR}/${FRAMEWORKS_FOLDER_PATH}/Malibu.framework",
				"${TARGET_BUILD_DIR}/${FRAMEWORKS_FOLDER_PATH}/Rswift.framework",
				"${TARGET_BUILD_DIR}/${FRAMEWORKS_FOLDER_PATH}/When.framework",
			);
			runOnlyForDeploymentPostprocessing = 0;
			shellPath = /bin/sh;
			shellScript = "\"${SRCROOT}/Pods/Target Support Files/Pods-Food2Fork/Pods-Food2Fork-frameworks.sh\"\n";
			showEnvVarsInLog = 0;
		};
		8C2AEC04F47DC2D98B6C2656 /* [CP] Check Pods Manifest.lock */ = {
			isa = PBXShellScriptBuildPhase;
			buildActionMask = 2147483647;
			files = (
			);
			inputPaths = (
				"${PODS_PODFILE_DIR_PATH}/Podfile.lock",
				"${PODS_ROOT}/Manifest.lock",
			);
			name = "[CP] Check Pods Manifest.lock";
			outputPaths = (
				"$(DERIVED_FILE_DIR)/Pods-Food2Fork-checkManifestLockResult.txt",
			);
			runOnlyForDeploymentPostprocessing = 0;
			shellPath = /bin/sh;
			shellScript = "diff \"${PODS_PODFILE_DIR_PATH}/Podfile.lock\" \"${PODS_ROOT}/Manifest.lock\" > /dev/null\nif [ $? != 0 ] ; then\n    # print error to STDERR\n    echo \"error: The sandbox is not in sync with the Podfile.lock. Run 'pod install' or update your CocoaPods installation.\" >&2\n    exit 1\nfi\n# This output is used by Xcode 'outputs' to avoid re-running this script phase.\necho \"SUCCESS\" > \"${SCRIPT_OUTPUT_FILE_0}\"\n";
			showEnvVarsInLog = 0;
		};
		CF0C50AC213E909B003989E4 /* R.swift */ = {
			isa = PBXShellScriptBuildPhase;
			buildActionMask = 2147483647;
			files = (
			);
			inputPaths = (
			);
			name = R.swift;
			outputPaths = (
			);
			runOnlyForDeploymentPostprocessing = 0;
			shellPath = /bin/sh;
			shellScript = "\"$PODS_ROOT/R.swift/rswift\" generate \"$SRCROOT/Food2Fork/Sources/Constants\"";
		};
		CF0C50AD213E90D5003989E4 /* SwiftLint */ = {
			isa = PBXShellScriptBuildPhase;
			buildActionMask = 2147483647;
			files = (
			);
			inputPaths = (
			);
			name = SwiftLint;
			outputPaths = (
			);
			runOnlyForDeploymentPostprocessing = 0;
			shellPath = /bin/sh;
			shellScript = "${PODS_ROOT}/SwiftLint/swiftlint";
		};
/* End PBXShellScriptBuildPhase section */

/* Begin PBXSourcesBuildPhase section */
		CFE067C9213D6F23000E95FC /* Sources */ = {
			isa = PBXSourcesBuildPhase;
			buildActionMask = 2147483647;
			files = (
				DA25B105214554EF00933167 /* RecipeEntity+CoreDataClass.swift in Sources */,
				CFA3DF98213FF39200A39C71 /* UIViewController+Child.swift in Sources */,
				DA25B1292145CD8C00933167 /* LaunchTransitionManager.swift in Sources */,
				CFE067D9213D6F23000E95FC /* Food2Fork.xcdatamodeld in Sources */,
				DA25B12021458AFD00933167 /* BootstrapConfiguring.swift in Sources */,
				CFA1FF4F213ED7E1001394DB /* MainTabBarController.swift in Sources */,
				CFA1FF43213ED638001394DB /* RecipeViewController.swift in Sources */,
				DA4651A621406EEF005B3353 /* ImageLoader.swift in Sources */,
				CFA1FF45213ED674001394DB /* FavoritesFlowController.swift in Sources */,
				DA25B1122145618C00933167 /* RecipeIngredientsView.swift in Sources */,
				DA25B11E21458AE400933167 /* AppearanceConfigurator.swift in Sources */,
				DA25B11021455F6800933167 /* RecipeHeaderView.swift in Sources */,
				CFA1FF3D213ED4E7001394DB /* ControllerFactory.swift in Sources */,
				DA46519C214066A6005B3353 /* Promise+Networking.swift in Sources */,
				DA46519121406177005B3353 /* UIView+Extensions.swift in Sources */,
				DA25B1222145B08400933167 /* RoundedLabel.swift in Sources */,
				CFA1FF4C213ED7A4001394DB /* AppFlowController.swift in Sources */,
				CFA1FF49213ED699001394DB /* ExploreFlowController.swift in Sources */,
				DA25B0FB214537F900933167 /* Recipe+ManagedObjectConvertible.swift in Sources */,
				DA25B1272145C19200933167 /* FavoriteTableViewCell.swift in Sources */,
				DA4651982140655D005B3353 /* ExploreLogicController.swift in Sources */,
				CFA1FF3B213ED49A001394DB /* DependencyContainer.swift in Sources */,
				DA25B106214554EF00933167 /* RecipeEntity+CoreDataProperties.swift in Sources */,
				DA25B0F12143EFB900933167 /* FavoritesLogicController.swift in Sources */,
				CF5FAC2A2142C3EA00654E90 /* UIButton+Background.swift in Sources */,
				DA465195214061C7005B3353 /* UICollectionView+ReusableCells.swift in Sources */,
				CFE067D1213D6F23000E95FC /* AppDelegate.swift in Sources */,
				CFA1FF47213ED689001394DB /* SearchFlowController.swift in Sources */,
				DA25B0F92145375D00933167 /* ManagedObjectConvertible.swift in Sources */,
				DA25B12D2145D4FB00933167 /* Utilities.swift in Sources */,
				CF5FAC28214291C800654E90 /* SearchSort.swift in Sources */,
				CFA3DF8F213FF0EC00A39C71 /* R.generated.swift in Sources */,
				DA25B1162145704C00933167 /* Dimensions.swift in Sources */,
				DA46518A21405DC8005B3353 /* RecipeNetworkResponse.swift in Sources */,
				DA46519E2140670F005B3353 /* Data+Decodable.swift in Sources */,
				CFA3DFA32140063600A39C71 /* ExploreViewController.swift in Sources */,
				DA46518521405229005B3353 /* SearchNetworkResponse.swift in Sources */,
				CFA3DFAF214017A900A39C71 /* APIConfig.swift in Sources */,
				DA25B0EE2141DF3300933167 /* SearchViewController.swift in Sources */,
				CFA3DFA721400A6500A39C71 /* FavoritesViewController.swift in Sources */,
				DA25B0E92141DAC000933167 /* SearchLogicController.swift in Sources */,
				DA25B1012145476B00933167 /* ModelController.swift in Sources */,
				DA46518D21405F4A005B3353 /* ExploreCollectionViewCell.swift in Sources */,
				DA25B11421456BF000933167 /* RecipeLogicController.swift in Sources */,
				DA4651932140619A005B3353 /* UITableView+Extensions.swift in Sources */,
				CFA3DFAD214016D200A39C71 /* Endpoint.swift in Sources */,
				DA46518F21406068005B3353 /* NSLayoutConstraints+Extensions.swift in Sources */,
				DA25B0F52143F04D00933167 /* ViewState.swift in Sources */,
				CFA3DF9E213FF56200A39C71 /* Fonts.swift in Sources */,
				DA25B0E32141C77200933167 /* InfoViewController.swift in Sources */,
				DA46518721405441005B3353 /* Recipe.swift in Sources */,
			);
			runOnlyForDeploymentPostprocessing = 0;
		};
		CFE067E0213D6F25000E95FC /* Sources */ = {
			isa = PBXSourcesBuildPhase;
			buildActionMask = 2147483647;
			files = (
				CFBBB4DA21468495008F3943 /* AppFlowControllerTests.swift in Sources */,
				CFE067E9213D6F25000E95FC /* Food2ForkTests.swift in Sources */,
				CFBBB4E321468D9B008F3943 /* UIViewExtensionsTests.swift in Sources */,
				CFBBB4DC2146865F008F3943 /* DependencyContainerTests.swift in Sources */,
				DA25B10D214557CB00933167 /* RecipeManagedObjectConvertibleTests.swift in Sources */,
				CFBBB4DF21468AEA008F3943 /* NSLayoutConstraintsExtensionsTests.swift in Sources */,
				CFBBB4E521468F5D008F3943 /* UIViewControllerChildTests.swift in Sources */,
				CFBBB4E121468C5E008F3943 /* UIButtonBackgroundTests.swift in Sources */,
			);
			runOnlyForDeploymentPostprocessing = 0;
		};
		CFE067EB213D6F25000E95FC /* Sources */ = {
			isa = PBXSourcesBuildPhase;
			buildActionMask = 2147483647;
			files = (
				DA25B12B2145D4AC00933167 /* XCUIApplication+Food2Fork.swift in Sources */,
				CFE067F4213D6F25000E95FC /* Food2ForkUITests.swift in Sources */,
			);
			runOnlyForDeploymentPostprocessing = 0;
		};
/* End PBXSourcesBuildPhase section */

/* Begin PBXTargetDependency section */
		CFE067E6213D6F25000E95FC /* PBXTargetDependency */ = {
			isa = PBXTargetDependency;
			target = CFE067CC213D6F23000E95FC /* Food2Fork */;
			targetProxy = CFE067E5213D6F25000E95FC /* PBXContainerItemProxy */;
		};
		CFE067F1213D6F25000E95FC /* PBXTargetDependency */ = {
			isa = PBXTargetDependency;
			target = CFE067CC213D6F23000E95FC /* Food2Fork */;
			targetProxy = CFE067F0213D6F25000E95FC /* PBXContainerItemProxy */;
		};
/* End PBXTargetDependency section */

/* Begin PBXVariantGroup section */
		CFA3DF94213FF1D800A39C71 /* Localizable.strings */ = {
			isa = PBXVariantGroup;
			children = (
				CFA3DF93213FF1D800A39C71 /* en */,
			);
			name = Localizable.strings;
			sourceTree = "<group>";
		};
		CFE067DC213D6F24000E95FC /* LaunchScreen.storyboard */ = {
			isa = PBXVariantGroup;
			children = (
				CFE067DD213D6F24000E95FC /* Base */,
			);
			name = LaunchScreen.storyboard;
			sourceTree = "<group>";
		};
/* End PBXVariantGroup section */

/* Begin XCBuildConfiguration section */
		CFE067F6213D6F25000E95FC /* Debug */ = {
			isa = XCBuildConfiguration;
			buildSettings = {
				ALWAYS_SEARCH_USER_PATHS = NO;
				CLANG_ANALYZER_NONNULL = YES;
				CLANG_ANALYZER_NUMBER_OBJECT_CONVERSION = YES_AGGRESSIVE;
				CLANG_CXX_LANGUAGE_STANDARD = "gnu++14";
				CLANG_CXX_LIBRARY = "libc++";
				CLANG_ENABLE_MODULES = YES;
				CLANG_ENABLE_OBJC_ARC = YES;
				CLANG_ENABLE_OBJC_WEAK = YES;
				CLANG_WARN_BLOCK_CAPTURE_AUTORELEASING = YES;
				CLANG_WARN_BOOL_CONVERSION = YES;
				CLANG_WARN_COMMA = YES;
				CLANG_WARN_CONSTANT_CONVERSION = YES;
				CLANG_WARN_DEPRECATED_OBJC_IMPLEMENTATIONS = YES;
				CLANG_WARN_DIRECT_OBJC_ISA_USAGE = YES_ERROR;
				CLANG_WARN_DOCUMENTATION_COMMENTS = YES;
				CLANG_WARN_EMPTY_BODY = YES;
				CLANG_WARN_ENUM_CONVERSION = YES;
				CLANG_WARN_INFINITE_RECURSION = YES;
				CLANG_WARN_INT_CONVERSION = YES;
				CLANG_WARN_NON_LITERAL_NULL_CONVERSION = YES;
				CLANG_WARN_OBJC_IMPLICIT_RETAIN_SELF = YES;
				CLANG_WARN_OBJC_LITERAL_CONVERSION = YES;
				CLANG_WARN_OBJC_ROOT_CLASS = YES_ERROR;
				CLANG_WARN_RANGE_LOOP_ANALYSIS = YES;
				CLANG_WARN_STRICT_PROTOTYPES = YES;
				CLANG_WARN_SUSPICIOUS_MOVE = YES;
				CLANG_WARN_UNGUARDED_AVAILABILITY = YES_AGGRESSIVE;
				CLANG_WARN_UNREACHABLE_CODE = YES;
				CLANG_WARN__DUPLICATE_METHOD_MATCH = YES;
				CODE_SIGN_IDENTITY = "iPhone Developer";
				COPY_PHASE_STRIP = NO;
				DEBUG_INFORMATION_FORMAT = dwarf;
				ENABLE_STRICT_OBJC_MSGSEND = YES;
				ENABLE_TESTABILITY = YES;
				GCC_C_LANGUAGE_STANDARD = gnu11;
				GCC_DYNAMIC_NO_PIC = NO;
				GCC_NO_COMMON_BLOCKS = YES;
				GCC_OPTIMIZATION_LEVEL = 0;
				GCC_PREPROCESSOR_DEFINITIONS = (
					"DEBUG=1",
					"$(inherited)",
				);
				GCC_WARN_64_TO_32_BIT_CONVERSION = YES;
				GCC_WARN_ABOUT_RETURN_TYPE = YES_ERROR;
				GCC_WARN_UNDECLARED_SELECTOR = YES;
				GCC_WARN_UNINITIALIZED_AUTOS = YES_AGGRESSIVE;
				GCC_WARN_UNUSED_FUNCTION = YES;
				GCC_WARN_UNUSED_VARIABLE = YES;
				IPHONEOS_DEPLOYMENT_TARGET = 11.4;
				MTL_ENABLE_DEBUG_INFO = YES;
				ONLY_ACTIVE_ARCH = YES;
				SDKROOT = iphoneos;
				SWIFT_ACTIVE_COMPILATION_CONDITIONS = DEBUG;
				SWIFT_OBJC_BRIDGING_HEADER = "";
				SWIFT_OPTIMIZATION_LEVEL = "-Onone";
			};
			name = Debug;
		};
		CFE067F7213D6F25000E95FC /* Release */ = {
			isa = XCBuildConfiguration;
			buildSettings = {
				ALWAYS_SEARCH_USER_PATHS = NO;
				CLANG_ANALYZER_NONNULL = YES;
				CLANG_ANALYZER_NUMBER_OBJECT_CONVERSION = YES_AGGRESSIVE;
				CLANG_CXX_LANGUAGE_STANDARD = "gnu++14";
				CLANG_CXX_LIBRARY = "libc++";
				CLANG_ENABLE_MODULES = YES;
				CLANG_ENABLE_OBJC_ARC = YES;
				CLANG_ENABLE_OBJC_WEAK = YES;
				CLANG_WARN_BLOCK_CAPTURE_AUTORELEASING = YES;
				CLANG_WARN_BOOL_CONVERSION = YES;
				CLANG_WARN_COMMA = YES;
				CLANG_WARN_CONSTANT_CONVERSION = YES;
				CLANG_WARN_DEPRECATED_OBJC_IMPLEMENTATIONS = YES;
				CLANG_WARN_DIRECT_OBJC_ISA_USAGE = YES_ERROR;
				CLANG_WARN_DOCUMENTATION_COMMENTS = YES;
				CLANG_WARN_EMPTY_BODY = YES;
				CLANG_WARN_ENUM_CONVERSION = YES;
				CLANG_WARN_INFINITE_RECURSION = YES;
				CLANG_WARN_INT_CONVERSION = YES;
				CLANG_WARN_NON_LITERAL_NULL_CONVERSION = YES;
				CLANG_WARN_OBJC_IMPLICIT_RETAIN_SELF = YES;
				CLANG_WARN_OBJC_LITERAL_CONVERSION = YES;
				CLANG_WARN_OBJC_ROOT_CLASS = YES_ERROR;
				CLANG_WARN_RANGE_LOOP_ANALYSIS = YES;
				CLANG_WARN_STRICT_PROTOTYPES = YES;
				CLANG_WARN_SUSPICIOUS_MOVE = YES;
				CLANG_WARN_UNGUARDED_AVAILABILITY = YES_AGGRESSIVE;
				CLANG_WARN_UNREACHABLE_CODE = YES;
				CLANG_WARN__DUPLICATE_METHOD_MATCH = YES;
				CODE_SIGN_IDENTITY = "iPhone Developer";
				COPY_PHASE_STRIP = NO;
				DEBUG_INFORMATION_FORMAT = "dwarf-with-dsym";
				ENABLE_NS_ASSERTIONS = NO;
				ENABLE_STRICT_OBJC_MSGSEND = YES;
				GCC_C_LANGUAGE_STANDARD = gnu11;
				GCC_NO_COMMON_BLOCKS = YES;
				GCC_WARN_64_TO_32_BIT_CONVERSION = YES;
				GCC_WARN_ABOUT_RETURN_TYPE = YES_ERROR;
				GCC_WARN_UNDECLARED_SELECTOR = YES;
				GCC_WARN_UNINITIALIZED_AUTOS = YES_AGGRESSIVE;
				GCC_WARN_UNUSED_FUNCTION = YES;
				GCC_WARN_UNUSED_VARIABLE = YES;
				IPHONEOS_DEPLOYMENT_TARGET = 11.4;
				MTL_ENABLE_DEBUG_INFO = NO;
				SDKROOT = iphoneos;
				SWIFT_COMPILATION_MODE = wholemodule;
				SWIFT_OBJC_BRIDGING_HEADER = "";
				SWIFT_OPTIMIZATION_LEVEL = "-O";
				VALIDATE_PRODUCT = YES;
			};
			name = Release;
		};
		CFE067F9213D6F25000E95FC /* Debug */ = {
			isa = XCBuildConfiguration;
			baseConfigurationReference = C25C99705CA2B46E38A48E4B /* Pods-Food2Fork.debug.xcconfig */;
			buildSettings = {
				ASSETCATALOG_COMPILER_APPICON_NAME = AppIcon;
				CODE_SIGN_STYLE = Automatic;
				INFOPLIST_FILE = "$(SRCROOT)/Food2Fork/Resources/Info.plist";
				LD_RUNPATH_SEARCH_PATHS = (
					"$(inherited)",
					"@executable_path/Frameworks",
				);
				PRODUCT_BUNDLE_IDENTIFIER = no.finn.Food2Fork;
				PRODUCT_NAME = "$(TARGET_NAME)";
				SWIFT_OBJC_BRIDGING_HEADER = "";
				SWIFT_VERSION = 4.0;
				TARGETED_DEVICE_FAMILY = "1,2";
			};
			name = Debug;
		};
		CFE067FA213D6F25000E95FC /* Release */ = {
			isa = XCBuildConfiguration;
			baseConfigurationReference = 5B87B4D412F1650BA1A0F99E /* Pods-Food2Fork.release.xcconfig */;
			buildSettings = {
				ASSETCATALOG_COMPILER_APPICON_NAME = AppIcon;
				CODE_SIGN_STYLE = Automatic;
				INFOPLIST_FILE = "$(SRCROOT)/Food2Fork/Resources/Info.plist";
				LD_RUNPATH_SEARCH_PATHS = (
					"$(inherited)",
					"@executable_path/Frameworks",
				);
				PRODUCT_BUNDLE_IDENTIFIER = no.finn.Food2Fork;
				PRODUCT_NAME = "$(TARGET_NAME)";
				SWIFT_OBJC_BRIDGING_HEADER = "";
				SWIFT_VERSION = 4.0;
				TARGETED_DEVICE_FAMILY = "1,2";
			};
			name = Release;
		};
		CFE067FC213D6F25000E95FC /* Debug */ = {
			isa = XCBuildConfiguration;
			baseConfigurationReference = B2CE337691B93C009DA08834 /* Pods-Food2ForkTests.debug.xcconfig */;
			buildSettings = {
				ALWAYS_EMBED_SWIFT_STANDARD_LIBRARIES = YES;
				BUNDLE_LOADER = "$(TEST_HOST)";
				CODE_SIGN_STYLE = Automatic;
				INFOPLIST_FILE = Food2ForkTests/Resources/Info.plist;
				LD_RUNPATH_SEARCH_PATHS = (
					"$(inherited)",
					"@executable_path/Frameworks",
					"@loader_path/Frameworks",
				);
				PRODUCT_BUNDLE_IDENTIFIER = no.finn.Food2ForkTests;
				PRODUCT_NAME = "$(TARGET_NAME)";
				SWIFT_VERSION = 4.0;
				TARGETED_DEVICE_FAMILY = "1,2";
				TEST_HOST = "$(BUILT_PRODUCTS_DIR)/Food2Fork.app/Food2Fork";
			};
			name = Debug;
		};
		CFE067FD213D6F25000E95FC /* Release */ = {
			isa = XCBuildConfiguration;
			baseConfigurationReference = 30BB8E2C545CA448E4A5A388 /* Pods-Food2ForkTests.release.xcconfig */;
			buildSettings = {
				ALWAYS_EMBED_SWIFT_STANDARD_LIBRARIES = YES;
				BUNDLE_LOADER = "$(TEST_HOST)";
				CODE_SIGN_STYLE = Automatic;
				INFOPLIST_FILE = Food2ForkTests/Resources/Info.plist;
				LD_RUNPATH_SEARCH_PATHS = (
					"$(inherited)",
					"@executable_path/Frameworks",
					"@loader_path/Frameworks",
				);
				PRODUCT_BUNDLE_IDENTIFIER = no.finn.Food2ForkTests;
				PRODUCT_NAME = "$(TARGET_NAME)";
				SWIFT_VERSION = 4.0;
				TARGETED_DEVICE_FAMILY = "1,2";
				TEST_HOST = "$(BUILT_PRODUCTS_DIR)/Food2Fork.app/Food2Fork";
			};
			name = Release;
		};
		CFE067FF213D6F25000E95FC /* Debug */ = {
			isa = XCBuildConfiguration;
			buildSettings = {
				ALWAYS_EMBED_SWIFT_STANDARD_LIBRARIES = YES;
				CODE_SIGN_STYLE = Automatic;
				INFOPLIST_FILE = Food2ForkUITests/Resources/Info.plist;
				LD_RUNPATH_SEARCH_PATHS = (
					"$(inherited)",
					"@executable_path/Frameworks",
					"@loader_path/Frameworks",
				);
				PRODUCT_BUNDLE_IDENTIFIER = no.finn.Food2ForkUITests;
				PRODUCT_NAME = "$(TARGET_NAME)";
				SWIFT_VERSION = 4.0;
				TARGETED_DEVICE_FAMILY = "1,2";
				TEST_TARGET_NAME = Food2Fork;
			};
			name = Debug;
		};
		CFE06800213D6F25000E95FC /* Release */ = {
			isa = XCBuildConfiguration;
			buildSettings = {
				ALWAYS_EMBED_SWIFT_STANDARD_LIBRARIES = YES;
				CODE_SIGN_STYLE = Automatic;
				INFOPLIST_FILE = Food2ForkUITests/Resources/Info.plist;
				LD_RUNPATH_SEARCH_PATHS = (
					"$(inherited)",
					"@executable_path/Frameworks",
					"@loader_path/Frameworks",
				);
				PRODUCT_BUNDLE_IDENTIFIER = no.finn.Food2ForkUITests;
				PRODUCT_NAME = "$(TARGET_NAME)";
				SWIFT_VERSION = 4.0;
				TARGETED_DEVICE_FAMILY = "1,2";
				TEST_TARGET_NAME = Food2Fork;
			};
			name = Release;
		};
/* End XCBuildConfiguration section */

/* Begin XCConfigurationList section */
		CFE067C8213D6F23000E95FC /* Build configuration list for PBXProject "Food2Fork" */ = {
			isa = XCConfigurationList;
			buildConfigurations = (
				CFE067F6213D6F25000E95FC /* Debug */,
				CFE067F7213D6F25000E95FC /* Release */,
			);
			defaultConfigurationIsVisible = 0;
			defaultConfigurationName = Release;
		};
		CFE067F8213D6F25000E95FC /* Build configuration list for PBXNativeTarget "Food2Fork" */ = {
			isa = XCConfigurationList;
			buildConfigurations = (
				CFE067F9213D6F25000E95FC /* Debug */,
				CFE067FA213D6F25000E95FC /* Release */,
			);
			defaultConfigurationIsVisible = 0;
			defaultConfigurationName = Release;
		};
		CFE067FB213D6F25000E95FC /* Build configuration list for PBXNativeTarget "Food2ForkTests" */ = {
			isa = XCConfigurationList;
			buildConfigurations = (
				CFE067FC213D6F25000E95FC /* Debug */,
				CFE067FD213D6F25000E95FC /* Release */,
			);
			defaultConfigurationIsVisible = 0;
			defaultConfigurationName = Release;
		};
		CFE067FE213D6F25000E95FC /* Build configuration list for PBXNativeTarget "Food2ForkUITests" */ = {
			isa = XCConfigurationList;
			buildConfigurations = (
				CFE067FF213D6F25000E95FC /* Debug */,
				CFE06800213D6F25000E95FC /* Release */,
			);
			defaultConfigurationIsVisible = 0;
			defaultConfigurationName = Release;
		};
/* End XCConfigurationList section */

/* Begin XCVersionGroup section */
		CFE067D7213D6F23000E95FC /* Food2Fork.xcdatamodeld */ = {
			isa = XCVersionGroup;
			children = (
				CFE067D8213D6F23000E95FC /* Food2Fork.xcdatamodel */,
			);
			currentVersion = CFE067D8213D6F23000E95FC /* Food2Fork.xcdatamodel */;
			path = Food2Fork.xcdatamodeld;
			sourceTree = "<group>";
			versionGroupType = wrapper.xcdatamodel;
		};
/* End XCVersionGroup section */
	};
	rootObject = CFE067C5213D6F23000E95FC /* Project object */;
}
